
Microsoft Visual Studio Solution File, Format Version 12.00
# Visual Studio Version 17
VisualStudioVersion = 17.3.32929.385
MinimumVisualStudioVersion = 10.0.40219.1
Project("{FAE04EC0-301F-11D3-BF4B-00C04F79EFBC}") = "MiddlewareExample", "MiddlewareExample\MiddlewareExample.csproj", "{98F01347-47A8-4812-90BC-38542D643F90}"
EndProject
Global
	GlobalSection(SolutionConfigurationPlatforms) = preSolution
		Debug|Any CPU = Debug|Any CPU
		Release|Any CPU = Release|Any CPU
	EndGlobalSection
	GlobalSection(ProjectConfigurationPlatforms) = postSolution
		{98F01347-47A8-4812-90BC-38542D643F90}.Debug|Any CPU.ActiveCfg = Debug|Any CPU
		{98F01347-47A8-4812-90BC-38542D643F90}.Debug|Any CPU.Build.0 = Debug|Any CPU
		{98F01347-47A8-4812-90BC-38542D643F90}.Release|Any CPU.ActiveCfg = Release|Any CPU
		{98F01347-47A8-4812-90BC-38542D643F90}.Release|Any CPU.Build.0 = Release|Any CPU
	EndGlobalSection
	GlobalSection(SolutionProperties) = preSolution
		HideSolutionNode = FALSE
	EndGlobalSection
	GlobalSection(ExtensibilityGlobals) = postSolution
		SolutionGuid = {2C029274-DD0A-4B9B-AE39-82DA67B693DA}
	EndGlobalSection
EndGlobal
